
Microsoft Visual Studio Solution File, Format Version 12.00
# Visual Studio 15
VisualStudioVersion = 15.0.27004.2010
MinimumVisualStudioVersion = 10.0.40219.1
Project("{8BC9CEB8-8B4A-11D0-8D11-00A0C91BC942}") = "1.PSImageLayerBlend1", "src\1.PSImageLayerBlend1\1.PSImageLayerBlend1.vcxproj", "{34B846AA-C729-4D42-A825-9486C72EE4D9}"
EndProject
Project("{8BC9CEB8-8B4A-11D0-8D11-00A0C91BC942}") = "2.PSImageLayerBlend2", "src\2.PSImageLayerBlend2\2.PSImageLayerBlend2.vcxproj", "{BAD56B91-A2F8-4DBE-B215-8B60C2E73187}"
EndProject
Project("{8BC9CEB8-8B4A-11D0-8D11-00A0C91BC942}") = "3.PSImageLayerBlend3", "src\3.PSImageLayerBlend3\3.PSImageLayerBlend3.vcxproj", "{C0EDD8AC-C8CD-4B16-A9CC-71DA416457B1}"
EndProject
Project("{8BC9CEB8-8B4A-11D0-8D11-00A0C91BC942}") = "4.PSImageLayerBlend4", "src\4.PSImageLayerBlend4\4.PSImageLayerBlend4.vcxproj", "{512D1D02-EB59-40D3-BDFC-9C858C40E4E7}"
EndProject
Project("{8BC9CEB8-8B4A-11D0-8D11-00A0C91BC942}") = "5.PSImageLayerBlend6", "src\5.PSImageLayerBlend6\5.PSImageLayerBlend6.vcxproj", "{03B3EFDA-0CA3-4D1F-8B94-DCA0745F7B4A}"
EndProject
Project("{8BC9CEB8-8B4A-11D0-8D11-00A0C91BC942}") = "6.RGB2Gray", "src\6.RGB2Gray\6.RGB2Gray.vcxproj", "{1A49452F-0F36-4857-889C-B49EFA851CE3}"
EndProject
Project("{8BC9CEB8-8B4A-11D0-8D11-00A0C91BC942}") = "7.RGBSplit", "src\7.RGBSplit\7.RGBSplit.vcxproj", "{9A4FB5A1-5F04-497D-8493-C4BAF1CEDF7C}"
EndProject
Project("{8BC9CEB8-8B4A-11D0-8D11-00A0C91BC942}") = "8.ColorComputation", "src\8.ColorComputation\8.ColorComputation.vcxproj", "{AD8F627A-A02D-4430-8941-02392BB5B123}"
EndProject
Project("{8BC9CEB8-8B4A-11D0-8D11-00A0C91BC942}") = "9.PSFilterDebrisEffects", "src\9.PSFilterDebrisEffects\9.PSFilterDebrisEffects.vcxproj", "{20BEED41-0BE7-4233-A59B-FF725ECC91E6}"
EndProject
Project("{8BC9CEB8-8B4A-11D0-8D11-00A0C91BC942}") = "10.DarkChannelPriorHazeRemoval", "src\10.DarkChannelPriorHazeRemoval\10.DarkChannelPriorHazeRemoval.vcxproj", "{E66F392B-F2D0-47C9-A3CA-79D2BF6A0508}"
EndProject
Project("{8BC9CEB8-8B4A-11D0-8D11-00A0C91BC942}") = "11.PSFilterGroudGlassEffects", "src\11.PSFilterGroudGlassEffects\11.PSFilterGroudGlassEffects.vcxproj", "{36F55F7D-3F76-4B5E-980E-11C4194ABFCE}"
EndProject
Project("{8BC9CEB8-8B4A-11D0-8D11-00A0C91BC942}") = "12.PSFilterOverExposure", "src\12.PSFilterOverExposure\12.PSFilterOverExposure.vcxproj", "{632BF248-EBC2-4BF9-A906-3F4F40C4CA29}"
EndProject
Project("{8BC9CEB8-8B4A-11D0-8D11-00A0C91BC942}") = "13.ColorComputation2", "src\13.ColorComputation2\13.ColorComputation2.vcxproj", "{7D7BE151-391D-4D87-B470-1C65B8A799BA}"
EndProject
Project("{8BC9CEB8-8B4A-11D0-8D11-00A0C91BC942}") = "14.LitUpEdges", "src\14.LitUpEdges\14.LitUpEdges.vcxproj", "{B2ECF6DE-EBFB-4E88-8E71-A199F5774D88}"
EndProject
Global
	GlobalSection(SolutionConfigurationPlatforms) = preSolution
		Debug|x64 = Debug|x64
		Debug|x86 = Debug|x86
		Release|x64 = Release|x64
		Release|x86 = Release|x86
	EndGlobalSection
	GlobalSection(ProjectConfigurationPlatforms) = postSolution
		{34B846AA-C729-4D42-A825-9486C72EE4D9}.Debug|x64.ActiveCfg = Debug|x64
		{34B846AA-C729-4D42-A825-9486C72EE4D9}.Debug|x64.Build.0 = Debug|x64
		{34B846AA-C729-4D42-A825-9486C72EE4D9}.Debug|x86.ActiveCfg = Debug|Win32
		{34B846AA-C729-4D42-A825-9486C72EE4D9}.Debug|x86.Build.0 = Debug|Win32
		{34B846AA-C729-4D42-A825-9486C72EE4D9}.Release|x64.ActiveCfg = Release|x64
		{34B846AA-C729-4D42-A825-9486C72EE4D9}.Release|x64.Build.0 = Release|x64
		{34B846AA-C729-4D42-A825-9486C72EE4D9}.Release|x86.ActiveCfg = Release|Win32
		{34B846AA-C729-4D42-A825-9486C72EE4D9}.Release|x86.Build.0 = Release|Win32
		{BAD56B91-A2F8-4DBE-B215-8B60C2E73187}.Debug|x64.ActiveCfg = Debug|x64
		{BAD56B91-A2F8-4DBE-B215-8B60C2E73187}.Debug|x64.Build.0 = Debug|x64
		{BAD56B91-A2F8-4DBE-B215-8B60C2E73187}.Debug|x86.ActiveCfg = Debug|Win32
		{BAD56B91-A2F8-4DBE-B215-8B60C2E73187}.Debug|x86.Build.0 = Debug|Win32
		{BAD56B91-A2F8-4DBE-B215-8B60C2E73187}.Release|x64.ActiveCfg = Release|x64
		{BAD56B91-A2F8-4DBE-B215-8B60C2E73187}.Release|x64.Build.0 = Release|x64
		{BAD56B91-A2F8-4DBE-B215-8B60C2E73187}.Release|x86.ActiveCfg = Release|Win32
		{BAD56B91-A2F8-4DBE-B215-8B60C2E73187}.Release|x86.Build.0 = Release|Win32
		{C0EDD8AC-C8CD-4B16-A9CC-71DA416457B1}.Debug|x64.ActiveCfg = Debug|x64
		{C0EDD8AC-C8CD-4B16-A9CC-71DA416457B1}.Debug|x64.Build.0 = Debug|x64
		{C0EDD8AC-C8CD-4B16-A9CC-71DA416457B1}.Debug|x86.ActiveCfg = Debug|Win32
		{C0EDD8AC-C8CD-4B16-A9CC-71DA416457B1}.Debug|x86.Build.0 = Debug|Win32
		{C0EDD8AC-C8CD-4B16-A9CC-71DA416457B1}.Release|x64.ActiveCfg = Release|x64
		{C0EDD8AC-C8CD-4B16-A9CC-71DA416457B1}.Release|x64.Build.0 = Release|x64
		{C0EDD8AC-C8CD-4B16-A9CC-71DA416457B1}.Release|x86.ActiveCfg = Release|Win32
		{C0EDD8AC-C8CD-4B16-A9CC-71DA416457B1}.Release|x86.Build.0 = Release|Win32
		{512D1D02-EB59-40D3-BDFC-9C858C40E4E7}.Debug|x64.ActiveCfg = Debug|x64
		{512D1D02-EB59-40D3-BDFC-9C858C40E4E7}.Debug|x64.Build.0 = Debug|x64
		{512D1D02-EB59-40D3-BDFC-9C858C40E4E7}.Debug|x86.ActiveCfg = Debug|Win32
		{512D1D02-EB59-40D3-BDFC-9C858C40E4E7}.Debug|x86.Build.0 = Debug|Win32
		{512D1D02-EB59-40D3-BDFC-9C858C40E4E7}.Release|x64.ActiveCfg = Release|x64
		{512D1D02-EB59-40D3-BDFC-9C858C40E4E7}.Release|x64.Build.0 = Release|x64
		{512D1D02-EB59-40D3-BDFC-9C858C40E4E7}.Release|x86.ActiveCfg = Release|Win32
		{512D1D02-EB59-40D3-BDFC-9C858C40E4E7}.Release|x86.Build.0 = Release|Win32
		{03B3EFDA-0CA3-4D1F-8B94-DCA0745F7B4A}.Debug|x64.ActiveCfg = Debug|x64
		{03B3EFDA-0CA3-4D1F-8B94-DCA0745F7B4A}.Debug|x64.Build.0 = Debug|x64
		{03B3EFDA-0CA3-4D1F-8B94-DCA0745F7B4A}.Debug|x86.ActiveCfg = Debug|Win32
		{03B3EFDA-0CA3-4D1F-8B94-DCA0745F7B4A}.Debug|x86.Build.0 = Debug|Win32
		{03B3EFDA-0CA3-4D1F-8B94-DCA0745F7B4A}.Release|x64.ActiveCfg = Release|x64
		{03B3EFDA-0CA3-4D1F-8B94-DCA0745F7B4A}.Release|x64.Build.0 = Release|x64
		{03B3EFDA-0CA3-4D1F-8B94-DCA0745F7B4A}.Release|x86.ActiveCfg = Release|Win32
		{03B3EFDA-0CA3-4D1F-8B94-DCA0745F7B4A}.Release|x86.Build.0 = Release|Win32
		{1A49452F-0F36-4857-889C-B49EFA851CE3}.Debug|x64.ActiveCfg = Debug|x64
		{1A49452F-0F36-4857-889C-B49EFA851CE3}.Debug|x64.Build.0 = Debug|x64
		{1A49452F-0F36-4857-889C-B49EFA851CE3}.Debug|x86.ActiveCfg = Debug|Win32
		{1A49452F-0F36-4857-889C-B49EFA851CE3}.Debug|x86.Build.0 = Debug|Win32
		{1A49452F-0F36-4857-889C-B49EFA851CE3}.Release|x64.ActiveCfg = Release|x64
		{1A49452F-0F36-4857-889C-B49EFA851CE3}.Release|x64.Build.0 = Release|x64
		{1A49452F-0F36-4857-889C-B49EFA851CE3}.Release|x86.ActiveCfg = Release|Win32
		{1A49452F-0F36-4857-889C-B49EFA851CE3}.Release|x86.Build.0 = Release|Win32
		{9A4FB5A1-5F04-497D-8493-C4BAF1CEDF7C}.Debug|x64.ActiveCfg = Debug|x64
		{9A4FB5A1-5F04-497D-8493-C4BAF1CEDF7C}.Debug|x64.Build.0 = Debug|x64
		{9A4FB5A1-5F04-497D-8493-C4BAF1CEDF7C}.Debug|x86.ActiveCfg = Debug|Win32
		{9A4FB5A1-5F04-497D-8493-C4BAF1CEDF7C}.Debug|x86.Build.0 = Debug|Win32
		{9A4FB5A1-5F04-497D-8493-C4BAF1CEDF7C}.Release|x64.ActiveCfg = Release|x64
		{9A4FB5A1-5F04-497D-8493-C4BAF1CEDF7C}.Release|x64.Build.0 = Release|x64
		{9A4FB5A1-5F04-497D-8493-C4BAF1CEDF7C}.Release|x86.ActiveCfg = Release|Win32
		{9A4FB5A1-5F04-497D-8493-C4BAF1CEDF7C}.Release|x86.Build.0 = Release|Win32
		{AD8F627A-A02D-4430-8941-02392BB5B123}.Debug|x64.ActiveCfg = Debug|x64
		{AD8F627A-A02D-4430-8941-02392BB5B123}.Debug|x64.Build.0 = Debug|x64
		{AD8F627A-A02D-4430-8941-02392BB5B123}.Debug|x86.ActiveCfg = Debug|Win32
		{AD8F627A-A02D-4430-8941-02392BB5B123}.Debug|x86.Build.0 = Debug|Win32
		{AD8F627A-A02D-4430-8941-02392BB5B123}.Release|x64.ActiveCfg = Release|x64
		{AD8F627A-A02D-4430-8941-02392BB5B123}.Release|x64.Build.0 = Release|x64
		{AD8F627A-A02D-4430-8941-02392BB5B123}.Release|x86.ActiveCfg = Release|Win32
		{AD8F627A-A02D-4430-8941-02392BB5B123}.Release|x86.Build.0 = Release|Win32
		{20BEED41-0BE7-4233-A59B-FF725ECC91E6}.Debug|x64.ActiveCfg = Debug|x64
		{20BEED41-0BE7-4233-A59B-FF725ECC91E6}.Debug|x64.Build.0 = Debug|x64
		{20BEED41-0BE7-4233-A59B-FF725ECC91E6}.Debug|x86.ActiveCfg = Debug|Win32
		{20BEED41-0BE7-4233-A59B-FF725ECC91E6}.Debug|x86.Build.0 = Debug|Win32
		{20BEED41-0BE7-4233-A59B-FF725ECC91E6}.Release|x64.ActiveCfg = Release|x64
		{20BEED41-0BE7-4233-A59B-FF725ECC91E6}.Release|x64.Build.0 = Release|x64
		{20BEED41-0BE7-4233-A59B-FF725ECC91E6}.Release|x86.ActiveCfg = Release|Win32
		{20BEED41-0BE7-4233-A59B-FF725ECC91E6}.Release|x86.Build.0 = Release|Win32
		{E66F392B-F2D0-47C9-A3CA-79D2BF6A0508}.Debug|x64.ActiveCfg = Debug|x64
		{E66F392B-F2D0-47C9-A3CA-79D2BF6A0508}.Debug|x64.Build.0 = Debug|x64
		{E66F392B-F2D0-47C9-A3CA-79D2BF6A0508}.Debug|x86.ActiveCfg = Debug|Win32
		{E66F392B-F2D0-47C9-A3CA-79D2BF6A0508}.Debug|x86.Build.0 = Debug|Win32
		{E66F392B-F2D0-47C9-A3CA-79D2BF6A0508}.Release|x64.ActiveCfg = Release|x64
		{E66F392B-F2D0-47C9-A3CA-79D2BF6A0508}.Release|x64.Build.0 = Release|x64
		{E66F392B-F2D0-47C9-A3CA-79D2BF6A0508}.Release|x86.ActiveCfg = Release|Win32
		{E66F392B-F2D0-47C9-A3CA-79D2BF6A0508}.Release|x86.Build.0 = Release|Win32
		{36F55F7D-3F76-4B5E-980E-11C4194ABFCE}.Debug|x64.ActiveCfg = Debug|x64
		{36F55F7D-3F76-4B5E-980E-11C4194ABFCE}.Debug|x64.Build.0 = Debug|x64
		{36F55F7D-3F76-4B5E-980E-11C4194ABFCE}.Debug|x86.ActiveCfg = Debug|Win32
		{36F55F7D-3F76-4B5E-980E-11C4194ABFCE}.Debug|x86.Build.0 = Debug|Win32
		{36F55F7D-3F76-4B5E-980E-11C4194ABFCE}.Release|x64.ActiveCfg = Release|x64
		{36F55F7D-3F76-4B5E-980E-11C4194ABFCE}.Release|x64.Build.0 = Release|x64
		{36F55F7D-3F76-4B5E-980E-11C4194ABFCE}.Release|x86.ActiveCfg = Release|Win32
		{36F55F7D-3F76-4B5E-980E-11C4194ABFCE}.Release|x86.Build.0 = Release|Win32
		{632BF248-EBC2-4BF9-A906-3F4F40C4CA29}.Debug|x64.ActiveCfg = Debug|x64
		{632BF248-EBC2-4BF9-A906-3F4F40C4CA29}.Debug|x64.Build.0 = Debug|x64
		{632BF248-EBC2-4BF9-A906-3F4F40C4CA29}.Debug|x86.ActiveCfg = Debug|Win32
		{632BF248-EBC2-4BF9-A906-3F4F40C4CA29}.Debug|x86.Build.0 = Debug|Win32
		{632BF248-EBC2-4BF9-A906-3F4F40C4CA29}.Release|x64.ActiveCfg = Release|x64
		{632BF248-EBC2-4BF9-A906-3F4F40C4CA29}.Release|x64.Build.0 = Release|x64
		{632BF248-EBC2-4BF9-A906-3F4F40C4CA29}.Release|x86.ActiveCfg = Release|Win32
		{632BF248-EBC2-4BF9-A906-3F4F40C4CA29}.Release|x86.Build.0 = Release|Win32
		{7D7BE151-391D-4D87-B470-1C65B8A799BA}.Debug|x64.ActiveCfg = Debug|x64
		{7D7BE151-391D-4D87-B470-1C65B8A799BA}.Debug|x64.Build.0 = Debug|x64
		{7D7BE151-391D-4D87-B470-1C65B8A799BA}.Debug|x86.ActiveCfg = Debug|Win32
		{7D7BE151-391D-4D87-B470-1C65B8A799BA}.Debug|x86.Build.0 = Debug|Win32
		{7D7BE151-391D-4D87-B470-1C65B8A799BA}.Release|x64.ActiveCfg = Release|x64
		{7D7BE151-391D-4D87-B470-1C65B8A799BA}.Release|x64.Build.0 = Release|x64
		{7D7BE151-391D-4D87-B470-1C65B8A799BA}.Release|x86.ActiveCfg = Release|Win32
		{7D7BE151-391D-4D87-B470-1C65B8A799BA}.Release|x86.Build.0 = Release|Win32
		{B2ECF6DE-EBFB-4E88-8E71-A199F5774D88}.Debug|x64.ActiveCfg = Debug|x64
		{B2ECF6DE-EBFB-4E88-8E71-A199F5774D88}.Debug|x64.Build.0 = Debug|x64
		{B2ECF6DE-EBFB-4E88-8E71-A199F5774D88}.Debug|x86.ActiveCfg = Debug|Win32
		{B2ECF6DE-EBFB-4E88-8E71-A199F5774D88}.Debug|x86.Build.0 = Debug|Win32
		{B2ECF6DE-EBFB-4E88-8E71-A199F5774D88}.Release|x64.ActiveCfg = Release|x64
		{B2ECF6DE-EBFB-4E88-8E71-A199F5774D88}.Release|x64.Build.0 = Release|x64
		{B2ECF6DE-EBFB-4E88-8E71-A199F5774D88}.Release|x86.ActiveCfg = Release|Win32
		{B2ECF6DE-EBFB-4E88-8E71-A199F5774D88}.Release|x86.Build.0 = Release|Win32
	EndGlobalSection
	GlobalSection(SolutionProperties) = preSolution
		HideSolutionNode = FALSE
	EndGlobalSection
	GlobalSection(ExtensibilityGlobals) = postSolution
		SolutionGuid = {C0AAB3E4-3A5D-48B6-9A9F-13372E002435}
	EndGlobalSection
EndGlobal
